
Microsoft Visual Studio Solution File, Format Version 12.00
# Visual Studio Version 17
VisualStudioVersion = 17.9.34607.119
MinimumVisualStudioVersion = 10.0.40219.1
Project("{FAE04EC0-301F-11D3-BF4B-00C04F79EFBC}") = "ApiTgWhatToDo", "ApiTgWhatToDo\ApiTgWhatToDo.csproj", "{98B15491-DA93-4CF1-A258-2F959B9C5210}"
EndProject
Global
	GlobalSection(SolutionConfigurationPlatforms) = preSolution
		Debug|Any CPU = Debug|Any CPU
		Release|Any CPU = Release|Any CPU
	EndGlobalSection
	GlobalSection(ProjectConfigurationPlatforms) = postSolution
		{98B15491-DA93-4CF1-A258-2F959B9C5210}.Debug|Any CPU.ActiveCfg = Debug|Any CPU
		{98B15491-DA93-4CF1-A258-2F959B9C5210}.Debug|Any CPU.Build.0 = Debug|Any CPU
		{98B15491-DA93-4CF1-A258-2F959B9C5210}.Release|Any CPU.ActiveCfg = Release|Any CPU
		{98B15491-DA93-4CF1-A258-2F959B9C5210}.Release|Any CPU.Build.0 = Release|Any CPU
	EndGlobalSection
	GlobalSection(SolutionProperties) = preSolution
		HideSolutionNode = FALSE
	EndGlobalSection
	GlobalSection(ExtensibilityGlobals) = postSolution
		SolutionGuid = {AAA61F20-175F-4103-B0EB-F92297440160}
	EndGlobalSection
EndGlobal
